<Solution>
  <Configurations>
    <BuildType Name="Debug" />
    <BuildType Name="Debug SG" />
    <BuildType Name="Pack" />
    <BuildType Name="Release" />
  </Configurations>
  <Folder Name="/Elementos de la solución/">
    <File Path=".github\workflows\dotnet.yml" />
    <File Path="ReadMe.md" />
  </Folder>
  <Folder Name="/Packaging/" />
  <Folder Name="/Solution Items/">
    <File Path=".editorconfig" />
  </Folder>
  <Project Path="NewGenerator/NewGenerator.csproj" Id="aee858b2-db0f-4225-b843-b46f68dc9ced">
    <BuildType Solution="Debug SG|*" Project="Debug" />
    <BuildType Solution="Pack|*" Project="Debug" />
  </Project>
  <Project Path="SourceCrafter.Mapifier.UnitTests\SourceCrafter.Mapifier.UnitTests.csproj" />
  <Project Path="SourceCrafter.Mapifier\SourceCrafter.Mapifier.csproj" />
</Solution>